<?xml version="1.0" encoding="utf-8"?>
<Project ToolsVersion="4.0" xmlns="http://schemas.microsoft.com/developer/msbuild/2003">
  <ItemGroup>
    <Filter Include="BOBWARS">
      <UniqueIdentifier>{dd8c5868-6c01-4eb6-a632-06173d2931ee}</UniqueIdentifier>
    </Filter>
    <Filter Include="BOBWARS\Util">
      <UniqueIdentifier>{7f6725ec-b195-414f-b052-6d78b30c53c4}</UniqueIdentifier>
    </Filter>
    <Filter Include="BOBWARS\Game">
      <UniqueIdentifier>{d0e709c4-2ae6-45de-aa2d-1eb16649a0b5}</UniqueIdentifier>
    </Filter>
    <Filter Include="BOBWARS\Game\Entities">
      <UniqueIdentifier>{8182fa6a-3efe-4037-a9b0-cf947c7a12c0}</UniqueIdentifier>
    </Filter>
    <Filter Include="BOBWARS\Game\GameStates">
      <UniqueIdentifier>{f1a42a54-de3b-40dc-9d0d-289da8ba3beb}</UniqueIdentifier>
    </Filter>
    <Filter Include="BOBWARS\Util\Graphics">
      <UniqueIdentifier>{30b74059-0d1f-4f20-b842-bf9e81b51ce5}</UniqueIdentifier>
    </Filter>
    <Filter Include="BOBWARS\Util\Systems">
      <UniqueIdentifier>{def6ba95-b885-4f3f-afc1-a15a31805962}</UniqueIdentifier>
    </Filter>
    <Filter Include="BOBWARS\Util\Systems\AppEngine">
      <UniqueIdentifier>{b0e65a1e-d8f1-4afe-9a89-ea101c211d7f}</UniqueIdentifier>
    </Filter>
    <Filter Include="BOBWARS\Util\Graphics\Interface">
      <UniqueIdentifier>{26b73e13-2708-465d-8f44-258c11ad1be6}</UniqueIdentifier>
    </Filter>
  </ItemGroup>
  <ItemGroup>
    <ClInclude Include="BaseEntity.hpp">
      <Filter>BOBWARS\Game\Entities</Filter>
    </ClInclude>
    <ClInclude Include="GamePlayState.hpp">
      <Filter>BOBWARS\Game\GameStates</Filter>
    </ClInclude>
    <ClInclude Include="MainMenuState.hpp">
      <Filter>BOBWARS\Game\GameStates</Filter>
    </ClInclude>
    <ClInclude Include="AppState.hpp">
      <Filter>BOBWARS\Util\Systems\AppEngine</Filter>
    </ClInclude>
    <ClInclude Include="AppEngine.hpp">
      <Filter>BOBWARS\Util\Systems\AppEngine</Filter>
    </ClInclude>
    <ClInclude Include="GameCreationState.hpp">
      <Filter>BOBWARS\Game\GameStates</Filter>
    </ClInclude>
    <ClInclude Include="Bob.hpp">
      <Filter>BOBWARS\Game\Entities</Filter>
    </ClInclude>
    <ClInclude Include="Interface.hpp">
      <Filter>BOBWARS\Util\Graphics\Interface</Filter>
    </ClInclude>
    <ClInclude Include="CommentSection.hpp">
      <Filter>BOBWARS\Game\Entities</Filter>
    </ClInclude>
    <ClInclude Include="GamePauseState.hpp">
      <Filter>BOBWARS\Game\GameStates</Filter>
    </ClInclude>
    <ClInclude Include="Util\Logger.hpp">
      <Filter>BOBWARS\Util</Filter>
    </ClInclude>
    <ClInclude Include="Util\Graphics\Text.hpp">
      <Filter>BOBWARS\Util\Graphics</Filter>
    </ClInclude>
    <ClInclude Include="Util\Graphics\Line.hpp">
      <Filter>BOBWARS\Util\Graphics</Filter>
    </ClInclude>
    <ClInclude Include="Util\Graphics\Graphics.hpp">
      <Filter>BOBWARS\Util\Graphics</Filter>
    </ClInclude>
    <ClInclude Include="Util\Util.hpp">
      <Filter>BOBWARS\Util</Filter>
    </ClInclude>
    <ClInclude Include="ResourceManager.hpp">
      <Filter>BOBWARS\Util\Systems</Filter>
    </ClInclude>
    <ClInclude Include="EntityManager.hpp">
      <Filter>BOBWARS\Util\Systems</Filter>
    </ClInclude>
    <ClInclude Include="Util\SettingsParser.hpp">
      <Filter>BOBWARS\Util\Systems</Filter>
    </ClInclude>
    <ClInclude Include="Util\DiscordRPC.hpp">
      <Filter>BOBWARS\Util</Filter>
    </ClInclude>
    <ClInclude Include="GameStartupState.hpp">
      <Filter>BOBWARS\Game\GameStates</Filter>
    </ClInclude>
    <ClInclude Include="Camera.hpp">
      <Filter>BOBWARS\Util\Graphics</Filter>
    </ClInclude>
    <ClInclude Include="Menu.hpp">
      <Filter>BOBWARS\Util\Graphics</Filter>
    </ClInclude>
    <ClInclude Include="Util\Graphics\DisabledButton.hpp">
      <Filter>BOBWARS\Util\Graphics</Filter>
    </ClInclude>
    <ClInclude Include="ResourceCounter.hpp">
      <Filter>BOBWARS\Util\Graphics\Interface</Filter>
    </ClInclude>
    <ClInclude Include="GameEndState.hpp">
      <Filter>BOBWARS\Game\GameStates</Filter>
    </ClInclude>
  </ItemGroup>
  <ItemGroup>
    <ClCompile Include="BaseEntity.cpp">
      <Filter>BOBWARS\Game\Entities</Filter>
    </ClCompile>
    <ClCompile Include="MainMenuState.cpp">
      <Filter>BOBWARS\Game\GameStates</Filter>
    </ClCompile>
    <ClCompile Include="GamePlayState.cpp">
      <Filter>BOBWARS\Game\GameStates</Filter>
    </ClCompile>
    <ClCompile Include="main.cpp">
      <Filter>BOBWARS</Filter>
    </ClCompile>
    <ClCompile Include="AppEngine.cpp">
      <Filter>BOBWARS\Util\Systems\AppEngine</Filter>
    </ClCompile>
    <ClCompile Include="GameCreationState.cpp">
      <Filter>BOBWARS\Game\GameStates</Filter>
    </ClCompile>
    <ClCompile Include="Bob.cpp">
      <Filter>BOBWARS\Game\Entities</Filter>
    </ClCompile>
    <ClCompile Include="Interface.cpp">
      <Filter>BOBWARS\Util\Graphics\Interface</Filter>
    </ClCompile>
    <ClCompile Include="CommentSection.cpp">
      <Filter>BOBWARS\Game\Entities</Filter>
    </ClCompile>
    <ClCompile Include="GamePauseState.cpp">
      <Filter>BOBWARS\Game\GameStates</Filter>
    </ClCompile>
    <ClCompile Include="Util\Logger.cpp">
      <Filter>BOBWARS\Util</Filter>
    </ClCompile>
    <ClCompile Include="Util\Graphics\Text.cpp">
      <Filter>BOBWARS\Util\Graphics</Filter>
    </ClCompile>
    <ClCompile Include="Util\Graphics\Line.cpp">
      <Filter>BOBWARS\Util\Graphics</Filter>
    </ClCompile>
    <ClCompile Include="Util\Graphics\Graphics.cpp">
      <Filter>BOBWARS\Util\Graphics</Filter>
    </ClCompile>
    <ClCompile Include="Util\Util.cpp">
      <Filter>BOBWARS\Util</Filter>
    </ClCompile>
    <ClCompile Include="EntityManager.cpp">
      <Filter>BOBWARS\Util\Systems</Filter>
    </ClCompile>
    <ClCompile Include="ResourceManager.cpp">
      <Filter>BOBWARS\Util\Systems</Filter>
    </ClCompile>
    <ClCompile Include="Util\SettingsParser.cpp">
      <Filter>BOBWARS\Util\Systems</Filter>
    </ClCompile>
    <ClCompile Include="Util\DiscordRPC.cpp">
      <Filter>BOBWARS\Util</Filter>
    </ClCompile>
    <ClCompile Include="GameStartupState.cpp">
      <Filter>BOBWARS\Game\GameStates</Filter>
    </ClCompile>
    <ClCompile Include="Camera.cpp">
      <Filter>BOBWARS\Util\Graphics</Filter>
    </ClCompile>
    <ClCompile Include="Menu.cpp">
      <Filter>BOBWARS\Util\Graphics</Filter>
    </ClCompile>
    <ClCompile Include="Util\Graphics\DisabledButton.cpp">
      <Filter>BOBWARS\Util\Graphics</Filter>
    </ClCompile>
    <ClCompile Include="ResourceCounter.cpp">
      <Filter>BOBWARS\Util\Graphics\Interface</Filter>
    </ClCompile>
    <ClCompile Include="GameEndState.cpp">
      <Filter>BOBWARS\Game\GameStates</Filter>
    </ClCompile>
  </ItemGroup>
</Project>