<?xml version="1.0" encoding="utf-8"?>
<Project ToolsVersion="4.0" xmlns="http://schemas.microsoft.com/developer/msbuild/2003">
  <ItemGroup>
    <Filter Include="ENGINE">
      <UniqueIdentifier>{43460924-c4c9-4560-a6a0-6686b453ac22}</UniqueIdentifier>
    </Filter>
    <Filter Include="BOBWARS">
      <UniqueIdentifier>{dd8c5868-6c01-4eb6-a632-06173d2931ee}</UniqueIdentifier>
    </Filter>
    <Filter Include="ENGINE\Graphics">
      <UniqueIdentifier>{16a8e2dd-dbf2-4fc9-b352-89717ce6afc8}</UniqueIdentifier>
    </Filter>
    <Filter Include="BOBWARS\Systems">
      <UniqueIdentifier>{d0e709c4-2ae6-45de-aa2d-1eb16649a0b5}</UniqueIdentifier>
    </Filter>
    <Filter Include="BOBWARS\Systems\Entities">
      <UniqueIdentifier>{8182fa6a-3efe-4037-a9b0-cf947c7a12c0}</UniqueIdentifier>
    </Filter>
    <Filter Include="BOBWARS\Systems\Graphical">
      <UniqueIdentifier>{371f4bb8-4ecb-4516-8845-55265c76a8b1}</UniqueIdentifier>
    </Filter>
    <Filter Include="BOBWARS\Systems\GameStates">
      <UniqueIdentifier>{f1a42a54-de3b-40dc-9d0d-289da8ba3beb}</UniqueIdentifier>
    </Filter>
    <Filter Include="BOBWARS\Systems\GameStates\Manager &amp; Base">
      <UniqueIdentifier>{b0e65a1e-d8f1-4afe-9a89-ea101c211d7f}</UniqueIdentifier>
    </Filter>
  </ItemGroup>
  <ItemGroup>
    <ClInclude Include="BaseEntity.hpp">
      <Filter>BOBWARS\Systems\Entities</Filter>
    </ClInclude>
    <ClInclude Include="..\engine\ENGINE\Logger.hpp">
      <Filter>ENGINE</Filter>
    </ClInclude>
    <ClInclude Include="..\engine\ENGINE\Engine.hpp">
      <Filter>ENGINE</Filter>
    </ClInclude>
    <ClInclude Include="..\engine\ENGINE\Graphics\Graphics.hpp">
      <Filter>ENGINE\Graphics</Filter>
    </ClInclude>
    <ClInclude Include="..\engine\ENGINE\Graphics\Text.hpp">
      <Filter>ENGINE\Graphics</Filter>
    </ClInclude>
    <ClInclude Include="..\engine\ENGINE\Graphics\Line.hpp">
      <Filter>ENGINE\Graphics</Filter>
    </ClInclude>
    <ClInclude Include="Interface.hpp">
      <Filter>BOBWARS\Systems\Graphical</Filter>
    </ClInclude>
    <ClInclude Include="GamePlayState.hpp">
      <Filter>BOBWARS\Systems\GameStates</Filter>
    </ClInclude>
    <ClInclude Include="StateMachine.hpp">
      <Filter>BOBWARS\Systems\GameStates\Manager &amp; Base</Filter>
    </ClInclude>
    <ClInclude Include="StateBase.hpp">
      <Filter>BOBWARS\Systems\GameStates\Manager &amp; Base</Filter>
    </ClInclude>
    <ClInclude Include="MainMenuState.hpp">
      <Filter>BOBWARS\Systems\GameStates</Filter>
    </ClInclude>
    <ClInclude Include="ObjectManager.hpp">
      <Filter>BOBWARS\Systems</Filter>
    </ClInclude>
    <ClInclude Include="Button.hpp" />
    <ClInclude Include="ResourceManager.hpp">
      <Filter>BOBWARS\Systems</Filter>
    </ClInclude>
  </ItemGroup>
  <ItemGroup>
    <ClCompile Include="BaseEntity.cpp">
      <Filter>BOBWARS\Systems\Entities</Filter>
    </ClCompile>
    <ClCompile Include="..\engine\ENGINE\Logger.cpp">
      <Filter>ENGINE</Filter>
    </ClCompile>
    <ClCompile Include="..\engine\ENGINE\Engine.cpp">
      <Filter>ENGINE</Filter>
    </ClCompile>
    <ClCompile Include="..\engine\ENGINE\Graphics\Graphics.cpp">
      <Filter>ENGINE\Graphics</Filter>
    </ClCompile>
    <ClCompile Include="..\engine\ENGINE\Graphics\Text.cpp">
      <Filter>ENGINE\Graphics</Filter>
    </ClCompile>
    <ClCompile Include="..\engine\ENGINE\Graphics\Line.cpp">
      <Filter>ENGINE\Graphics</Filter>
    </ClCompile>
    <ClCompile Include="Interface.cpp">
      <Filter>BOBWARS\Systems\Graphical</Filter>
    </ClCompile>
    <ClCompile Include="MainMenuState.cpp">
      <Filter>BOBWARS\Systems\GameStates</Filter>
    </ClCompile>
    <ClCompile Include="GamePlayState.cpp">
      <Filter>BOBWARS\Systems\GameStates</Filter>
    </ClCompile>
    <ClCompile Include="StateMachine.cpp">
      <Filter>BOBWARS\Systems\GameStates\Manager &amp; Base</Filter>
    </ClCompile>
    <ClCompile Include="ObjectManager.cpp">
      <Filter>BOBWARS\Systems</Filter>
    </ClCompile>
    <ClCompile Include="main.cpp">
      <Filter>BOBWARS</Filter>
    </ClCompile>
    <ClCompile Include="Button.cpp" />
    <ClCompile Include="ResourceManager.cpp">
      <Filter>BOBWARS\Systems</Filter>
    </ClCompile>
  </ItemGroup>
</Project>