<?xml version="1.0" encoding="utf-8"?>
<Project ToolsVersion="4.0" xmlns="http://schemas.microsoft.com/developer/msbuild/2003">
  <ItemGroup>
    <Filter Include="ENGINE">
      <UniqueIdentifier>{43460924-c4c9-4560-a6a0-6686b453ac22}</UniqueIdentifier>
    </Filter>
    <Filter Include="BOBWARS">
      <UniqueIdentifier>{dd8c5868-6c01-4eb6-a632-06173d2931ee}</UniqueIdentifier>
    </Filter>
    <Filter Include="BOBWARS\Source Files">
      <UniqueIdentifier>{4FC737F1-C7A5-4376-A066-2A32D752A2FF}</UniqueIdentifier>
      <Extensions>cpp;c;cc;cxx;def;odl;idl;hpj;bat;asm;asmx</Extensions>
    </Filter>
    <Filter Include="BOBWARS\Resource Files">
      <UniqueIdentifier>{67DA6AB6-F800-4c08-8B7A-83BB121AAD01}</UniqueIdentifier>
      <Extensions>rc;ico;cur;bmp;dlg;rc2;rct;bin;rgs;gif;jpg;jpeg;jpe;resx;tiff;tif;png;wav;mfcribbon-ms</Extensions>
    </Filter>
    <Filter Include="BOBWARS\Header Files">
      <UniqueIdentifier>{93995380-89BD-4b04-88EB-625FBE52EBFB}</UniqueIdentifier>
      <Extensions>h;hh;hpp;hxx;hm;inl;inc;xsd</Extensions>
    </Filter>
    <Filter Include="BOBWARS\Classes">
      <UniqueIdentifier>{d0e709c4-2ae6-45de-aa2d-1eb16649a0b5}</UniqueIdentifier>
    </Filter>
    <Filter Include="BOBWARS\Classes\Entities">
      <UniqueIdentifier>{8182fa6a-3efe-4037-a9b0-cf947c7a12c0}</UniqueIdentifier>
    </Filter>
  </ItemGroup>
  <ItemGroup>
    <ClInclude Include="BaseEntity.hpp">
      <Filter>BOBWARS\Classes\Entities</Filter>
    </ClInclude>
    <ClInclude Include="Button.hpp">
      <Filter>BOBWARS\Classes</Filter>
    </ClInclude>
    <ClInclude Include="ObjectManager.hpp">
      <Filter>BOBWARS\Classes</Filter>
    </ClInclude>
    <ClInclude Include="ResourceManager.hpp">
      <Filter>BOBWARS\Classes</Filter>
    </ClInclude>
    <ClInclude Include="..\engine\ENGINE\Logger.hpp">
      <Filter>ENGINE</Filter>
    </ClInclude>
    <ClInclude Include="..\engine\ENGINE\Engine.hpp">
      <Filter>ENGINE</Filter>
    </ClInclude>
    <ClInclude Include="Text.hpp">
      <Filter>ENGINE</Filter>
    </ClInclude>
    <ClInclude Include="..\engine\ENGINE\Graphics.hpp">
      <Filter>ENGINE</Filter>
    </ClInclude>
  </ItemGroup>
  <ItemGroup>
    <ClCompile Include="main.cpp">
      <Filter>BOBWARS\Source Files</Filter>
    </ClCompile>
    <ClCompile Include="BaseEntity.cpp">
      <Filter>BOBWARS\Classes\Entities</Filter>
    </ClCompile>
    <ClCompile Include="Button.cpp">
      <Filter>BOBWARS\Classes</Filter>
    </ClCompile>
    <ClCompile Include="ObjectManager.cpp">
      <Filter>BOBWARS\Classes</Filter>
    </ClCompile>
    <ClCompile Include="ResourceManager.cpp">
      <Filter>BOBWARS\Classes</Filter>
    </ClCompile>
    <ClCompile Include="..\engine\ENGINE\Logger.cpp">
      <Filter>ENGINE</Filter>
    </ClCompile>
    <ClCompile Include="..\engine\ENGINE\Engine.cpp">
      <Filter>ENGINE</Filter>
    </ClCompile>
    <ClCompile Include="..\engine\ENGINE\Graphics.cpp">
      <Filter>ENGINE</Filter>
    </ClCompile>
    <ClCompile Include="..\engine\ENGINE\Text.cpp">
      <Filter>ENGINE</Filter>
    </ClCompile>
  </ItemGroup>
</Project>